
Microsoft Visual Studio Solution File, Format Version 12.00
# Visual Studio 15
VisualStudioVersion = 15.0.28307.489
MinimumVisualStudioVersion = 10.0.40219.1
Project("{9A19103F-16F7-4668-BE54-9A1E7A4F7556}") = "myPhoneBookApi", "myPhoneBookApi\myPhoneBookApi.csproj", "{BE9D76AD-D723-4D32-BD94-B20C56D9D762}"
EndProject
Global
	GlobalSection(SolutionConfigurationPlatforms) = preSolution
		Debug|Any CPU = Debug|Any CPU
		Release|Any CPU = Release|Any CPU
	EndGlobalSection
	GlobalSection(ProjectConfigurationPlatforms) = postSolution
		{BE9D76AD-D723-4D32-BD94-B20C56D9D762}.Debug|Any CPU.ActiveCfg = Debug|Any CPU
		{BE9D76AD-D723-4D32-BD94-B20C56D9D762}.Debug|Any CPU.Build.0 = Debug|Any CPU
		{BE9D76AD-D723-4D32-BD94-B20C56D9D762}.Release|Any CPU.ActiveCfg = Release|Any CPU
		{BE9D76AD-D723-4D32-BD94-B20C56D9D762}.Release|Any CPU.Build.0 = Release|Any CPU
	EndGlobalSection
	GlobalSection(SolutionProperties) = preSolution
		HideSolutionNode = FALSE
	EndGlobalSection
	GlobalSection(ExtensibilityGlobals) = postSolution
		SolutionGuid = {43B7FE07-4048-4FB9-82CC-53B71E9F9ABE}
	EndGlobalSection
EndGlobal
